// !$*UTF8*$!
{
	archiveVersion = 1;
	classes = {
	};
	objectVersion = 48;
	objects = {

/* Begin PBXBuildFile section */
		B6C85AF3201A50530013B5DD /* AppDelegate.swift in Sources */ = {isa = PBXBuildFile; fileRef = B6C85AF2201A50530013B5DD /* AppDelegate.swift */; };
		B6C85AF5201A50530013B5DD /* ViewController.swift in Sources */ = {isa = PBXBuildFile; fileRef = B6C85AF4201A50530013B5DD /* ViewController.swift */; };
		B6C85AF8201A50530013B5DD /* Main.storyboard in Resources */ = {isa = PBXBuildFile; fileRef = B6C85AF6201A50530013B5DD /* Main.storyboard */; };
		B6C85AFA201A50530013B5DD /* Assets.xcassets in Resources */ = {isa = PBXBuildFile; fileRef = B6C85AF9201A50530013B5DD /* Assets.xcassets */; };
		B6C85AFD201A50530013B5DD /* LaunchScreen.storyboard in Resources */ = {isa = PBXBuildFile; fileRef = B6C85AFB201A50530013B5DD /* LaunchScreen.storyboard */; };
		B6C85B08201A50530013B5DD /* TrystTests.swift in Sources */ = {isa = PBXBuildFile; fileRef = B6C85B07201A50530013B5DD /* TrystTests.swift */; };
		B6C85B13201A50530013B5DD /* TrystUITests.swift in Sources */ = {isa = PBXBuildFile; fileRef = B6C85B12201A50530013B5DD /* TrystUITests.swift */; };
/* End PBXBuildFile section */

/* Begin PBXContainerItemProxy section */
		B6C85B04201A50530013B5DD /* PBXContainerItemProxy */ = {
			isa = PBXContainerItemProxy;
			containerPortal = B6C85AE7201A50530013B5DD /* Project object */;
			proxyType = 1;
			remoteGlobalIDString = B6C85AEE201A50530013B5DD;
			remoteInfo = Tryst;
		};
		B6C85B0F201A50530013B5DD /* PBXContainerItemProxy */ = {
			isa = PBXContainerItemProxy;
			containerPortal = B6C85AE7201A50530013B5DD /* Project object */;
			proxyType = 1;
			remoteGlobalIDString = B6C85AEE201A50530013B5DD;
			remoteInfo = Tryst;
		};
/* End PBXContainerItemProxy section */

/* Begin PBXFileReference section */
		B6C85AEF201A50530013B5DD /* Tryst.app */ = {isa = PBXFileReference; explicitFileType = wrapper.application; includeInIndex = 0; path = Tryst.app; sourceTree = BUILT_PRODUCTS_DIR; };
		B6C85AF2201A50530013B5DD /* AppDelegate.swift */ = {isa = PBXFileReference; lastKnownFileType = sourcecode.swift; path = AppDelegate.swift; sourceTree = "<group>"; };
		B6C85AF4201A50530013B5DD /* ViewController.swift */ = {isa = PBXFileReference; lastKnownFileType = sourcecode.swift; path = ViewController.swift; sourceTree = "<group>"; };
		B6C85AF7201A50530013B5DD /* Base */ = {isa = PBXFileReference; lastKnownFileType = file.storyboard; name = Base; path = Base.lproj/Main.storyboard; sourceTree = "<group>"; };
		B6C85AF9201A50530013B5DD /* Assets.xcassets */ = {isa = PBXFileReference; lastKnownFileType = folder.assetcatalog; path = Assets.xcassets; sourceTree = "<group>"; };
		B6C85AFC201A50530013B5DD /* Base */ = {isa = PBXFileReference; lastKnownFileType = file.storyboard; name = Base; path = Base.lproj/LaunchScreen.storyboard; sourceTree = "<group>"; };
		B6C85AFE201A50530013B5DD /* Info.plist */ = {isa = PBXFileReference; lastKnownFileType = text.plist.xml; path = Info.plist; sourceTree = "<group>"; };
		B6C85B03201A50530013B5DD /* TrystTests.xctest */ = {isa = PBXFileReference; explicitFileType = wrapper.cfbundle; includeInIndex = 0; path = TrystTests.xctest; sourceTree = BUILT_PRODUCTS_DIR; };
		B6C85B07201A50530013B5DD /* TrystTests.swift */ = {isa = PBXFileReference; lastKnownFileType = sourcecode.swift; path = TrystTests.swift; sourceTree = "<group>"; };
		B6C85B09201A50530013B5DD /* Info.plist */ = {isa = PBXFileReference; lastKnownFileType = text.plist.xml; path = Info.plist; sourceTree = "<group>"; };
		B6C85B0E201A50530013B5DD /* TrystUITests.xctest */ = {isa = PBXFileReference; explicitFileType = wrapper.cfbundle; includeInIndex = 0; path = TrystUITests.xctest; sourceTree = BUILT_PRODUCTS_DIR; };
		B6C85B12201A50530013B5DD /* TrystUITests.swift */ = {isa = PBXFileReference; lastKnownFileType = sourcecode.swift; path = TrystUITests.swift; sourceTree = "<group>"; };
		B6C85B14201A50530013B5DD /* Info.plist */ = {isa = PBXFileReference; lastKnownFileType = text.plist.xml; path = Info.plist; sourceTree = "<group>"; };
/* End PBXFileReference section */

/* Begin PBXFrameworksBuildPhase section */
		B6C85AEC201A50530013B5DD /* Frameworks */ = {
			isa = PBXFrameworksBuildPhase;
			buildActionMask = 2147483647;
			files = (
			);
			runOnlyForDeploymentPostprocessing = 0;
		};
		B6C85B00201A50530013B5DD /* Frameworks */ = {
			isa = PBXFrameworksBuildPhase;
			buildActionMask = 2147483647;
			files = (
			);
			runOnlyForDeploymentPostprocessing = 0;
		};
		B6C85B0B201A50530013B5DD /* Frameworks */ = {
			isa = PBXFrameworksBuildPhase;
			buildActionMask = 2147483647;
			files = (
			);
			runOnlyForDeploymentPostprocessing = 0;
		};
/* End PBXFrameworksBuildPhase section */

/* Begin PBXGroup section */
		B6C85AE6201A50530013B5DD = {
			isa = PBXGroup;
			children = (
				B6C85AF1201A50530013B5DD /* Tryst */,
				B6C85B06201A50530013B5DD /* TrystTests */,
				B6C85B11201A50530013B5DD /* TrystUITests */,
				B6C85AF0201A50530013B5DD /* Products */,
			);
			sourceTree = "<group>";
		};
		B6C85AF0201A50530013B5DD /* Products */ = {
			isa = PBXGroup;
			children = (
				B6C85AEF201A50530013B5DD /* Tryst.app */,
				B6C85B03201A50530013B5DD /* TrystTests.xctest */,
				B6C85B0E201A50530013B5DD /* TrystUITests.xctest */,
			);
			name = Products;
			sourceTree = "<group>";
		};
		B6C85AF1201A50530013B5DD /* Tryst */ = {
			isa = PBXGroup;
			children = (
				B6C85AF2201A50530013B5DD /* AppDelegate.swift */,
				B6C85AF4201A50530013B5DD /* ViewController.swift */,
				B6C85AF6201A50530013B5DD /* Main.storyboard */,
				B6C85AF9201A50530013B5DD /* Assets.xcassets */,
				B6C85AFB201A50530013B5DD /* LaunchScreen.storyboard */,
				B6C85AFE201A50530013B5DD /* Info.plist */,
			);
			path = Tryst;
			sourceTree = "<group>";
		};
		B6C85B06201A50530013B5DD /* TrystTests */ = {
			isa = PBXGroup;
			children = (
				B6C85B07201A50530013B5DD /* TrystTests.swift */,
				B6C85B09201A50530013B5DD /* Info.plist */,
			);
			path = TrystTests;
			sourceTree = "<group>";
		};
		B6C85B11201A50530013B5DD /* TrystUITests */ = {
			isa = PBXGroup;
			children = (
				B6C85B12201A50530013B5DD /* TrystUITests.swift */,
				B6C85B14201A50530013B5DD /* Info.plist */,
			);
			path = TrystUITests;
			sourceTree = "<group>";
		};
/* End PBXGroup section */

/* Begin PBXNativeTarget section */
		B6C85AEE201A50530013B5DD /* Tryst */ = {
			isa = PBXNativeTarget;
			buildConfigurationList = B6C85B17201A50530013B5DD /* Build configuration list for PBXNativeTarget "Tryst" */;
			buildPhases = (
				B6C85AEB201A50530013B5DD /* Sources */,
				B6C85AEC201A50530013B5DD /* Frameworks */,
				B6C85AED201A50530013B5DD /* Resources */,
			);
			buildRules = (
			);
			dependencies = (
			);
			name = Tryst;
			productName = Tryst;
			productReference = B6C85AEF201A50530013B5DD /* Tryst.app */;
			productType = "com.apple.product-type.application";
		};
		B6C85B02201A50530013B5DD /* TrystTests */ = {
			isa = PBXNativeTarget;
			buildConfigurationList = B6C85B1A201A50530013B5DD /* Build configuration list for PBXNativeTarget "TrystTests" */;
			buildPhases = (
				B6C85AFF201A50530013B5DD /* Sources */,
				B6C85B00201A50530013B5DD /* Frameworks */,
				B6C85B01201A50530013B5DD /* Resources */,
			);
			buildRules = (
			);
			dependencies = (
				B6C85B05201A50530013B5DD /* PBXTargetDependency */,
			);
			name = TrystTests;
			productName = TrystTests;
			productReference = B6C85B03201A50530013B5DD /* TrystTests.xctest */;
			productType = "com.apple.product-type.bundle.unit-test";
		};
		B6C85B0D201A50530013B5DD /* TrystUITests */ = {
			isa = PBXNativeTarget;
			buildConfigurationList = B6C85B1D201A50530013B5DD /* Build configuration list for PBXNativeTarget "TrystUITests" */;
			buildPhases = (
				B6C85B0A201A50530013B5DD /* Sources */,
				B6C85B0B201A50530013B5DD /* Frameworks */,
				B6C85B0C201A50530013B5DD /* Resources */,
			);
			buildRules = (
			);
			dependencies = (
				B6C85B10201A50530013B5DD /* PBXTargetDependency */,
			);
			name = TrystUITests;
			productName = TrystUITests;
			productReference = B6C85B0E201A50530013B5DD /* TrystUITests.xctest */;
			productType = "com.apple.product-type.bundle.ui-testing";
		};
/* End PBXNativeTarget section */

/* Begin PBXProject section */
		B6C85AE7201A50530013B5DD /* Project object */ = {
			isa = PBXProject;
			attributes = {
				LastSwiftUpdateCheck = 0920;
				LastUpgradeCheck = 0920;
				ORGANIZATIONNAME = thoughtfulMaverick;
				TargetAttributes = {
					B6C85AEE201A50530013B5DD = {
						CreatedOnToolsVersion = 9.2;
						ProvisioningStyle = Automatic;
					};
					B6C85B02201A50530013B5DD = {
						CreatedOnToolsVersion = 9.2;
						ProvisioningStyle = Automatic;
						TestTargetID = B6C85AEE201A50530013B5DD;
					};
					B6C85B0D201A50530013B5DD = {
						CreatedOnToolsVersion = 9.2;
						ProvisioningStyle = Automatic;
						TestTargetID = B6C85AEE201A50530013B5DD;
					};
				};
			};
			buildConfigurationList = B6C85AEA201A50530013B5DD /* Build configuration list for PBXProject "Tryst" */;
			compatibilityVersion = "Xcode 8.0";
			developmentRegion = en;
			hasScannedForEncodings = 0;
			knownRegions = (
				en,
				Base,
			);
			mainGroup = B6C85AE6201A50530013B5DD;
			productRefGroup = B6C85AF0201A50530013B5DD /* Products */;
			projectDirPath = "";
			projectRoot = "";
			targets = (
				B6C85AEE201A50530013B5DD /* Tryst */,
				B6C85B02201A50530013B5DD /* TrystTests */,
				B6C85B0D201A50530013B5DD /* TrystUITests */,
			);
		};
/* End PBXProject section */

/* Begin PBXResourcesBuildPhase section */
		B6C85AED201A50530013B5DD /* Resources */ = {
			isa = PBXResourcesBuildPhase;
			buildActionMask = 2147483647;
			files = (
				B6C85AFD201A50530013B5DD /* LaunchScreen.storyboard in Resources */,
				B6C85AFA201A50530013B5DD /* Assets.xcassets in Resources */,
				B6C85AF8201A50530013B5DD /* Main.storyboard in Resources */,
			);
			runOnlyForDeploymentPostprocessing = 0;
		};
		B6C85B01201A50530013B5DD /* Resources */ = {
			isa = PBXResourcesBuildPhase;
			buildActionMask = 2147483647;
			files = (
			);
			runOnlyForDeploymentPostprocessing = 0;
		};
		B6C85B0C201A50530013B5DD /* Resources */ = {
			isa = PBXResourcesBuildPhase;
			buildActionMask = 2147483647;
			files = (
			);
			runOnlyForDeploymentPostprocessing = 0;
		};
/* End PBXResourcesBuildPhase section */

/* Begin PBXSourcesBuildPhase section */
		B6C85AEB201A50530013B5DD /* Sources */ = {
			isa = PBXSourcesBuildPhase;
			buildActionMask = 2147483647;
			files = (
				B6C85AF5201A50530013B5DD /* ViewController.swift in Sources */,
				B6C85AF3201A50530013B5DD /* AppDelegate.swift in Sources */,
			);
			runOnlyForDeploymentPostprocessing = 0;
		};
		B6C85AFF201A50530013B5DD /* Sources */ = {
			isa = PBXSourcesBuildPhase;
			buildActionMask = 2147483647;
			files = (
				B6C85B08201A50530013B5DD /* TrystTests.swift in Sources */,
			);
			runOnlyForDeploymentPostprocessing = 0;
		};
		B6C85B0A201A50530013B5DD /* Sources */ = {
			isa = PBXSourcesBuildPhase;
			buildActionMask = 2147483647;
			files = (
				B6C85B13201A50530013B5DD /* TrystUITests.swift in Sources */,
			);
			runOnlyForDeploymentPostprocessing = 0;
		};
/* End PBXSourcesBuildPhase section */

/* Begin PBXTargetDependency section */
		B6C85B05201A50530013B5DD /* PBXTargetDependency */ = {
			isa = PBXTargetDependency;
			target = B6C85AEE201A50530013B5DD /* Tryst */;
			targetProxy = B6C85B04201A50530013B5DD /* PBXContainerItemProxy */;
		};
		B6C85B10201A50530013B5DD /* PBXTargetDependency */ = {
			isa = PBXTargetDependency;
			target = B6C85AEE201A50530013B5DD /* Tryst */;
			targetProxy = B6C85B0F201A50530013B5DD /* PBXContainerItemProxy */;
		};
/* End PBXTargetDependency section */

/* Begin PBXVariantGroup section */
		B6C85AF6201A50530013B5DD /* Main.storyboard */ = {
			isa = PBXVariantGroup;
			children = (
				B6C85AF7201A50530013B5DD /* Base */,
			);
			name = Main.storyboard;
			sourceTree = "<group>";
		};
		B6C85AFB201A50530013B5DD /* LaunchScreen.storyboard */ = {
			isa = PBXVariantGroup;
			children = (
				B6C85AFC201A50530013B5DD /* Base */,
			);
			name = LaunchScreen.storyboard;
			sourceTree = "<group>";
		};
/* End PBXVariantGroup section */

/* Begin XCBuildConfiguration section */
		B6C85B15201A50530013B5DD /* Debug */ = {
			isa = XCBuildConfiguration;
			buildSettings = {
				ALWAYS_SEARCH_USER_PATHS = NO;
				CLANG_ANALYZER_NONNULL = YES;
				CLANG_ANALYZER_NUMBER_OBJECT_CONVERSION = YES_AGGRESSIVE;
				CLANG_CXX_LANGUAGE_STANDARD = "gnu++14";
				CLANG_CXX_LIBRARY = "libc++";
				CLANG_ENABLE_MODULES = YES;
				CLANG_ENABLE_OBJC_ARC = YES;
				CLANG_WARN_BLOCK_CAPTURE_AUTORELEASING = YES;
				CLANG_WARN_BOOL_CONVERSION = YES;
				CLANG_WARN_COMMA = YES;
				CLANG_WARN_CONSTANT_CONVERSION = YES;
				CLANG_WARN_DIRECT_OBJC_ISA_USAGE = YES_ERROR;
				CLANG_WARN_DOCUMENTATION_COMMENTS = YES;
				CLANG_WARN_EMPTY_BODY = YES;
				CLANG_WARN_ENUM_CONVERSION = YES;
				CLANG_WARN_INFINITE_RECURSION = YES;
				CLANG_WARN_INT_CONVERSION = YES;
				CLANG_WARN_NON_LITERAL_NULL_CONVERSION = YES;
				CLANG_WARN_OBJC_LITERAL_CONVERSION = YES;
				CLANG_WARN_OBJC_ROOT_CLASS = YES_ERROR;
				CLANG_WARN_RANGE_LOOP_ANALYSIS = YES;
				CLANG_WARN_STRICT_PROTOTYPES = YES;
				CLANG_WARN_SUSPICIOUS_MOVE = YES;
				CLANG_WARN_UNGUARDED_AVAILABILITY = YES_AGGRESSIVE;
				CLANG_WARN_UNREACHABLE_CODE = YES;
				CLANG_WARN__DUPLICATE_METHOD_MATCH = YES;
				CODE_SIGN_IDENTITY = "iPhone Developer";
				COPY_PHASE_STRIP = NO;
				DEBUG_INFORMATION_FORMAT = dwarf;
				ENABLE_STRICT_OBJC_MSGSEND = YES;
				ENABLE_TESTABILITY = YES;
				GCC_C_LANGUAGE_STANDARD = gnu11;
				GCC_DYNAMIC_NO_PIC = NO;
				GCC_NO_COMMON_BLOCKS = YES;
				GCC_OPTIMIZATION_LEVEL = 0;
				GCC_PREPROCESSOR_DEFINITIONS = (
					"DEBUG=1",
					"$(inherited)",
				);
				GCC_WARN_64_TO_32_BIT_CONVERSION = YES;
				GCC_WARN_ABOUT_RETURN_TYPE = YES_ERROR;
				GCC_WARN_UNDECLARED_SELECTOR = YES;
				GCC_WARN_UNINITIALIZED_AUTOS = YES_AGGRESSIVE;
				GCC_WARN_UNUSED_FUNCTION = YES;
				GCC_WARN_UNUSED_VARIABLE = YES;
				IPHONEOS_DEPLOYMENT_TARGET = 11.2;
				MTL_ENABLE_DEBUG_INFO = YES;
				ONLY_ACTIVE_ARCH = YES;
				SDKROOT = iphoneos;
				SWIFT_ACTIVE_COMPILATION_CONDITIONS = DEBUG;
				SWIFT_OPTIMIZATION_LEVEL = "-Onone";
			};
			name = Debug;
		};
		B6C85B16201A50530013B5DD /* Release */ = {
			isa = XCBuildConfiguration;
			buildSettings = {
				ALWAYS_SEARCH_USER_PATHS = NO;
				CLANG_ANALYZER_NONNULL = YES;
				CLANG_ANALYZER_NUMBER_OBJECT_CONVERSION = YES_AGGRESSIVE;
				CLANG_CXX_LANGUAGE_STANDARD = "gnu++14";
				CLANG_CXX_LIBRARY = "libc++";
				CLANG_ENABLE_MODULES = YES;
				CLANG_ENABLE_OBJC_ARC = YES;
				CLANG_WARN_BLOCK_CAPTURE_AUTORELEASING = YES;
				CLANG_WARN_BOOL_CONVERSION = YES;
				CLANG_WARN_COMMA = YES;
				CLANG_WARN_CONSTANT_CONVERSION = YES;
				CLANG_WARN_DIRECT_OBJC_ISA_USAGE = YES_ERROR;
				CLANG_WARN_DOCUMENTATION_COMMENTS = YES;
				CLANG_WARN_EMPTY_BODY = YES;
				CLANG_WARN_ENUM_CONVERSION = YES;
				CLANG_WARN_INFINITE_RECURSION = YES;
				CLANG_WARN_INT_CONVERSION = YES;
				CLANG_WARN_NON_LITERAL_NULL_CONVERSION = YES;
				CLANG_WARN_OBJC_LITERAL_CONVERSION = YES;
				CLANG_WARN_OBJC_ROOT_CLASS = YES_ERROR;
				CLANG_WARN_RANGE_LOOP_ANALYSIS = YES;
				CLANG_WARN_STRICT_PROTOTYPES = YES;
				CLANG_WARN_SUSPICIOUS_MOVE = YES;
				CLANG_WARN_UNGUARDED_AVAILABILITY = YES_AGGRESSIVE;
				CLANG_WARN_UNREACHABLE_CODE = YES;
				CLANG_WARN__DUPLICATE_METHOD_MATCH = YES;
				CODE_SIGN_IDENTITY = "iPhone Developer";
				COPY_PHASE_STRIP = NO;
				DEBUG_INFORMATION_FORMAT = "dwarf-with-dsym";
				ENABLE_NS_ASSERTIONS = NO;
				ENABLE_STRICT_OBJC_MSGSEND = YES;
				GCC_C_LANGUAGE_STANDARD = gnu11;
				GCC_NO_COMMON_BLOCKS = YES;
				GCC_WARN_64_TO_32_BIT_CONVERSION = YES;
				GCC_WARN_ABOUT_RETURN_TYPE = YES_ERROR;
				GCC_WARN_UNDECLARED_SELECTOR = YES;
				GCC_WARN_UNINITIALIZED_AUTOS = YES_AGGRESSIVE;
				GCC_WARN_UNUSED_FUNCTION = YES;
				GCC_WARN_UNUSED_VARIABLE = YES;
				IPHONEOS_DEPLOYMENT_TARGET = 11.2;
				MTL_ENABLE_DEBUG_INFO = NO;
				SDKROOT = iphoneos;
				SWIFT_OPTIMIZATION_LEVEL = "-Owholemodule";
				VALIDATE_PRODUCT = YES;
			};
			name = Release;
		};
		B6C85B18201A50530013B5DD /* Debug */ = {
			isa = XCBuildConfiguration;
			buildSettings = {
				ASSETCATALOG_COMPILER_APPICON_NAME = AppIcon;
				CODE_SIGN_STYLE = Automatic;
				INFOPLIST_FILE = Tryst/Info.plist;
				LD_RUNPATH_SEARCH_PATHS = "$(inherited) @executable_path/Frameworks";
				PRODUCT_BUNDLE_IDENTIFIER = com.thoughfulMaverick.renascence.Tryst;
				PRODUCT_NAME = "$(TARGET_NAME)";
				SWIFT_VERSION = 4.0;
				TARGETED_DEVICE_FAMILY = "1,2";
			};
			name = Debug;
		};
		B6C85B19201A50530013B5DD /* Release */ = {
			isa = XCBuildConfiguration;
			buildSettings = {
				ASSETCATALOG_COMPILER_APPICON_NAME = AppIcon;
				CODE_SIGN_STYLE = Automatic;
				INFOPLIST_FILE = Tryst/Info.plist;
				LD_RUNPATH_SEARCH_PATHS = "$(inherited) @executable_path/Frameworks";
				PRODUCT_BUNDLE_IDENTIFIER = com.thoughfulMaverick.renascence.Tryst;
				PRODUCT_NAME = "$(TARGET_NAME)";
				SWIFT_VERSION = 4.0;
				TARGETED_DEVICE_FAMILY = "1,2";
			};
			name = Release;
		};
		B6C85B1B201A50530013B5DD /* Debug */ = {
			isa = XCBuildConfiguration;
			buildSettings = {
				ALWAYS_EMBED_SWIFT_STANDARD_LIBRARIES = YES;
				BUNDLE_LOADER = "$(TEST_HOST)";
				CODE_SIGN_STYLE = Automatic;
				INFOPLIST_FILE = TrystTests/Info.plist;
				LD_RUNPATH_SEARCH_PATHS = "$(inherited) @executable_path/Frameworks @loader_path/Frameworks";
				PRODUCT_BUNDLE_IDENTIFIER = com.thoughfulMaverick.renascence.TrystTests;
				PRODUCT_NAME = "$(TARGET_NAME)";
				SWIFT_VERSION = 4.0;
				TARGETED_DEVICE_FAMILY = "1,2";
				TEST_HOST = "$(BUILT_PRODUCTS_DIR)/Tryst.app/Tryst";
			};
			name = Debug;
		};
		B6C85B1C201A50530013B5DD /* Release */ = {
			isa = XCBuildConfiguration;
			buildSettings = {
				ALWAYS_EMBED_SWIFT_STANDARD_LIBRARIES = YES;
				BUNDLE_LOADER = "$(TEST_HOST)";
				CODE_SIGN_STYLE = Automatic;
				INFOPLIST_FILE = TrystTests/Info.plist;
				LD_RUNPATH_SEARCH_PATHS = "$(inherited) @executable_path/Frameworks @loader_path/Frameworks";
				PRODUCT_BUNDLE_IDENTIFIER = com.thoughfulMaverick.renascence.TrystTests;
				PRODUCT_NAME = "$(TARGET_NAME)";
				SWIFT_VERSION = 4.0;
				TARGETED_DEVICE_FAMILY = "1,2";
				TEST_HOST = "$(BUILT_PRODUCTS_DIR)/Tryst.app/Tryst";
			};
			name = Release;
		};
		B6C85B1E201A50530013B5DD /* Debug */ = {
			isa = XCBuildConfiguration;
			buildSettings = {
				ALWAYS_EMBED_SWIFT_STANDARD_LIBRARIES = YES;
				CODE_SIGN_STYLE = Automatic;
				INFOPLIST_FILE = TrystUITests/Info.plist;
				LD_RUNPATH_SEARCH_PATHS = "$(inherited) @executable_path/Frameworks @loader_path/Frameworks";
				PRODUCT_BUNDLE_IDENTIFIER = com.thoughfulMaverick.renascence.TrystUITests;
				PRODUCT_NAME = "$(TARGET_NAME)";
				SWIFT_VERSION = 4.0;
				TARGETED_DEVICE_FAMILY = "1,2";
				TEST_TARGET_NAME = Tryst;
			};
			name = Debug;
		};
		B6C85B1F201A50530013B5DD /* Release */ = {
			isa = XCBuildConfiguration;
			buildSettings = {
				ALWAYS_EMBED_SWIFT_STANDARD_LIBRARIES = YES;
				CODE_SIGN_STYLE = Automatic;
				INFOPLIST_FILE = TrystUITests/Info.plist;
				LD_RUNPATH_SEARCH_PATHS = "$(inherited) @executable_path/Frameworks @loader_path/Frameworks";
				PRODUCT_BUNDLE_IDENTIFIER = com.thoughfulMaverick.renascence.TrystUITests;
				PRODUCT_NAME = "$(TARGET_NAME)";
				SWIFT_VERSION = 4.0;
				TARGETED_DEVICE_FAMILY = "1,2";
				TEST_TARGET_NAME = Tryst;
			};
			name = Release;
		};
/* End XCBuildConfiguration section */

/* Begin XCConfigurationList section */
		B6C85AEA201A50530013B5DD /* Build configuration list for PBXProject "Tryst" */ = {
			isa = XCConfigurationList;
			buildConfigurations = (
				B6C85B15201A50530013B5DD /* Debug */,
				B6C85B16201A50530013B5DD /* Release */,
			);
			defaultConfigurationIsVisible = 0;
			defaultConfigurationName = Release;
		};
		B6C85B17201A50530013B5DD /* Build configuration list for PBXNativeTarget "Tryst" */ = {
			isa = XCConfigurationList;
			buildConfigurations = (
				B6C85B18201A50530013B5DD /* Debug */,
				B6C85B19201A50530013B5DD /* Release */,
			);
			defaultConfigurationIsVisible = 0;
			defaultConfigurationName = Release;
		};
		B6C85B1A201A50530013B5DD /* Build configuration list for PBXNativeTarget "TrystTests" */ = {
			isa = XCConfigurationList;
			buildConfigurations = (
				B6C85B1B201A50530013B5DD /* Debug */,
				B6C85B1C201A50530013B5DD /* Release */,
			);
			defaultConfigurationIsVisible = 0;
			defaultConfigurationName = Release;
		};
		B6C85B1D201A50530013B5DD /* Build configuration list for PBXNativeTarget "TrystUITests" */ = {
			isa = XCConfigurationList;
			buildConfigurations = (
				B6C85B1E201A50530013B5DD /* Debug */,
				B6C85B1F201A50530013B5DD /* Release */,
			);
			defaultConfigurationIsVisible = 0;
			defaultConfigurationName = Release;
		};
/* End XCConfigurationList section */
	};
	rootObject = B6C85AE7201A50530013B5DD /* Project object */;
}
